// !$*UTF8*$!
{
	archiveVersion = 1;
	classes = {
	};
	objectVersion = 55;
	objects = {

/* Begin PBXBuildFile section */
		AF2677772706313A0046174E /* StickerCalendarCollectionViewController.swift in Sources */ = {isa = PBXBuildFile; fileRef = AF2677762706313A0046174E /* StickerCalendarCollectionViewController.swift */; };
		AF267779270631A50046174E /* StickerNumberCollectionViewCell.swift in Sources */ = {isa = PBXBuildFile; fileRef = AF267778270631A50046174E /* StickerNumberCollectionViewCell.swift */; };
		AF26777C270633D90046174E /* UIColor+AppColors.swift in Sources */ = {isa = PBXBuildFile; fileRef = AF26777B270633D90046174E /* UIColor+AppColors.swift */; };
		AF26777E270636A00046174E /* Category+helper.swift in Sources */ = {isa = PBXBuildFile; fileRef = AF26777D270636A00046174E /* Category+helper.swift */; };
		AF26778027063F3D0046174E /* Sticker+helper.swift in Sources */ = {isa = PBXBuildFile; fileRef = AF26777F27063F3D0046174E /* Sticker+helper.swift */; };
		AF26778427064F870046174E /* PersistenceController.swift in Sources */ = {isa = PBXBuildFile; fileRef = AF26778327064F870046174E /* PersistenceController.swift */; };
		AF2677862706B32C0046174E /* StickerCategoryHeaderView.swift in Sources */ = {isa = PBXBuildFile; fileRef = AF2677852706B32C0046174E /* StickerCategoryHeaderView.swift */; };
		AFC2B97A27024008009D90D8 /* AppDelegate.swift in Sources */ = {isa = PBXBuildFile; fileRef = AFC2B97927024008009D90D8 /* AppDelegate.swift */; };
		AFC2B97C27024008009D90D8 /* SceneDelegate.swift in Sources */ = {isa = PBXBuildFile; fileRef = AFC2B97B27024008009D90D8 /* SceneDelegate.swift */; };
		AFC2B97E27024008009D90D8 /* ViewController.swift in Sources */ = {isa = PBXBuildFile; fileRef = AFC2B97D27024008009D90D8 /* ViewController.swift */; };
		AFC2B98427024008009D90D8 /* MeuAlbum.xcdatamodeld in Sources */ = {isa = PBXBuildFile; fileRef = AFC2B98227024008009D90D8 /* MeuAlbum.xcdatamodeld */; };
		AFC2B9862702400A009D90D8 /* Assets.xcassets in Resources */ = {isa = PBXBuildFile; fileRef = AFC2B9852702400A009D90D8 /* Assets.xcassets */; };
		AFC2B9892702400A009D90D8 /* LaunchScreen.storyboard in Resources */ = {isa = PBXBuildFile; fileRef = AFC2B9872702400A009D90D8 /* LaunchScreen.storyboard */; };
		AFC2B992270240D3009D90D8 /* Vision.framework in Frameworks */ = {isa = PBXBuildFile; fileRef = AFC2B991270240D3009D90D8 /* Vision.framework */; };
		AFC2B99927025603009D90D8 /* StickerCell.swift in Sources */ = {isa = PBXBuildFile; fileRef = AFC2B99827025603009D90D8 /* StickerCell.swift */; };
/* End PBXBuildFile section */

/* Begin PBXFileReference section */
		AF2677762706313A0046174E /* StickerCalendarCollectionViewController.swift */ = {isa = PBXFileReference; lastKnownFileType = sourcecode.swift; path = StickerCalendarCollectionViewController.swift; sourceTree = "<group>"; };
		AF267778270631A50046174E /* StickerNumberCollectionViewCell.swift */ = {isa = PBXFileReference; lastKnownFileType = sourcecode.swift; path = StickerNumberCollectionViewCell.swift; sourceTree = "<group>"; };
		AF26777B270633D90046174E /* UIColor+AppColors.swift */ = {isa = PBXFileReference; lastKnownFileType = sourcecode.swift; path = "UIColor+AppColors.swift"; sourceTree = "<group>"; };
		AF26777D270636A00046174E /* Category+helper.swift */ = {isa = PBXFileReference; lastKnownFileType = sourcecode.swift; path = "Category+helper.swift"; sourceTree = "<group>"; };
		AF26777F27063F3D0046174E /* Sticker+helper.swift */ = {isa = PBXFileReference; lastKnownFileType = sourcecode.swift; path = "Sticker+helper.swift"; sourceTree = "<group>"; };
		AF26778327064F870046174E /* PersistenceController.swift */ = {isa = PBXFileReference; lastKnownFileType = sourcecode.swift; path = PersistenceController.swift; sourceTree = "<group>"; };
		AF2677852706B32C0046174E /* StickerCategoryHeaderView.swift */ = {isa = PBXFileReference; lastKnownFileType = sourcecode.swift; path = StickerCategoryHeaderView.swift; sourceTree = "<group>"; };
		AFC2B97627024008009D90D8 /* MeuAlbum.app */ = {isa = PBXFileReference; explicitFileType = wrapper.application; includeInIndex = 0; path = MeuAlbum.app; sourceTree = BUILT_PRODUCTS_DIR; };
		AFC2B97927024008009D90D8 /* AppDelegate.swift */ = {isa = PBXFileReference; lastKnownFileType = sourcecode.swift; path = AppDelegate.swift; sourceTree = "<group>"; };
		AFC2B97B27024008009D90D8 /* SceneDelegate.swift */ = {isa = PBXFileReference; lastKnownFileType = sourcecode.swift; path = SceneDelegate.swift; sourceTree = "<group>"; };
		AFC2B97D27024008009D90D8 /* ViewController.swift */ = {isa = PBXFileReference; lastKnownFileType = sourcecode.swift; path = ViewController.swift; sourceTree = "<group>"; };
		AFC2B98327024008009D90D8 /* MeuAlbum.xcdatamodel */ = {isa = PBXFileReference; lastKnownFileType = wrapper.xcdatamodel; path = MeuAlbum.xcdatamodel; sourceTree = "<group>"; };
		AFC2B9852702400A009D90D8 /* Assets.xcassets */ = {isa = PBXFileReference; lastKnownFileType = folder.assetcatalog; path = Assets.xcassets; sourceTree = "<group>"; };
		AFC2B9882702400A009D90D8 /* Base */ = {isa = PBXFileReference; lastKnownFileType = file.storyboard; name = Base; path = Base.lproj/LaunchScreen.storyboard; sourceTree = "<group>"; };
		AFC2B98A2702400A009D90D8 /* Info.plist */ = {isa = PBXFileReference; lastKnownFileType = text.plist.xml; path = Info.plist; sourceTree = "<group>"; };
		AFC2B991270240D3009D90D8 /* Vision.framework */ = {isa = PBXFileReference; lastKnownFileType = wrapper.framework; name = Vision.framework; path = System/Library/Frameworks/Vision.framework; sourceTree = SDKROOT; };
		AFC2B99827025603009D90D8 /* StickerCell.swift */ = {isa = PBXFileReference; lastKnownFileType = sourcecode.swift; path = StickerCell.swift; sourceTree = "<group>"; };
/* End PBXFileReference section */

/* Begin PBXFrameworksBuildPhase section */
		AFC2B97327024008009D90D8 /* Frameworks */ = {
			isa = PBXFrameworksBuildPhase;
			buildActionMask = 2147483647;
			files = (
				AFC2B992270240D3009D90D8 /* Vision.framework in Frameworks */,
			);
			runOnlyForDeploymentPostprocessing = 0;
		};
/* End PBXFrameworksBuildPhase section */

/* Begin PBXGroup section */
		AF26777A270633270046174E /* Extensions */ = {
			isa = PBXGroup;
			children = (
				AF26777B270633D90046174E /* UIColor+AppColors.swift */,
			);
			path = Extensions;
			sourceTree = "<group>";
		};
		AFC2B96D27024008009D90D8 = {
			isa = PBXGroup;
			children = (
				AFC2B97827024008009D90D8 /* MeuAlbum */,
				AFC2B97727024008009D90D8 /* Products */,
				AFC2B990270240D3009D90D8 /* Frameworks */,
			);
			sourceTree = "<group>";
		};
		AFC2B97727024008009D90D8 /* Products */ = {
			isa = PBXGroup;
			children = (
				AFC2B97627024008009D90D8 /* MeuAlbum.app */,
			);
			name = Products;
			sourceTree = "<group>";
		};
		AFC2B97827024008009D90D8 /* MeuAlbum */ = {
			isa = PBXGroup;
			children = (
				AF26777A270633270046174E /* Extensions */,
				AFC2B9942702559A009D90D8 /* Scenes */,
				AFC2B99327024D80009D90D8 /* ModelExtensions */,
				AFC2B97927024008009D90D8 /* AppDelegate.swift */,
				AFC2B97B27024008009D90D8 /* SceneDelegate.swift */,
				AF26778327064F870046174E /* PersistenceController.swift */,
				AFC2B97D27024008009D90D8 /* ViewController.swift */,
				AFC2B9852702400A009D90D8 /* Assets.xcassets */,
				AFC2B9872702400A009D90D8 /* LaunchScreen.storyboard */,
				AFC2B98A2702400A009D90D8 /* Info.plist */,
				AFC2B98227024008009D90D8 /* MeuAlbum.xcdatamodeld */,
			);
			path = MeuAlbum;
			sourceTree = "<group>";
		};
		AFC2B990270240D3009D90D8 /* Frameworks */ = {
			isa = PBXGroup;
			children = (
				AFC2B991270240D3009D90D8 /* Vision.framework */,
			);
			name = Frameworks;
			sourceTree = "<group>";
		};
		AFC2B99327024D80009D90D8 /* ModelExtensions */ = {
			isa = PBXGroup;
			children = (
				AF26777D270636A00046174E /* Category+helper.swift */,
				AF26777F27063F3D0046174E /* Sticker+helper.swift */,
			);
			path = ModelExtensions;
			sourceTree = "<group>";
		};
		AFC2B9942702559A009D90D8 /* Scenes */ = {
			isa = PBXGroup;
			children = (
				AFC2B995270255A3009D90D8 /* StickerList */,
			);
			path = Scenes;
			sourceTree = "<group>";
		};
		AFC2B995270255A3009D90D8 /* StickerList */ = {
			isa = PBXGroup;
			children = (
				AFC2B997270255D1009D90D8 /* View */,
				AFC2B996270255C0009D90D8 /* Data */,
			);
			path = StickerList;
			sourceTree = "<group>";
		};
		AFC2B996270255C0009D90D8 /* Data */ = {
			isa = PBXGroup;
			children = (
			);
			path = Data;
			sourceTree = "<group>";
		};
		AFC2B997270255D1009D90D8 /* View */ = {
			isa = PBXGroup;
			children = (
				AFC2B99827025603009D90D8 /* StickerCell.swift */,
				AF2677762706313A0046174E /* StickerCalendarCollectionViewController.swift */,
				AF267778270631A50046174E /* StickerNumberCollectionViewCell.swift */,
				AF2677852706B32C0046174E /* StickerCategoryHeaderView.swift */,
			);
			path = View;
			sourceTree = "<group>";
		};
/* End PBXGroup section */

/* Begin PBXNativeTarget section */
		AFC2B97527024008009D90D8 /* MeuAlbum */ = {
			isa = PBXNativeTarget;
			buildConfigurationList = AFC2B98D2702400A009D90D8 /* Build configuration list for PBXNativeTarget "MeuAlbum" */;
			buildPhases = (
				AFC2B97227024008009D90D8 /* Sources */,
				AFC2B97327024008009D90D8 /* Frameworks */,
				AFC2B97427024008009D90D8 /* Resources */,
			);
			buildRules = (
			);
			dependencies = (
			);
			name = MeuAlbum;
			productName = MeuAlbum;
			productReference = AFC2B97627024008009D90D8 /* MeuAlbum.app */;
			productType = "com.apple.product-type.application";
		};
/* End PBXNativeTarget section */

/* Begin PBXProject section */
		AFC2B96E27024008009D90D8 /* Project object */ = {
			isa = PBXProject;
			attributes = {
				BuildIndependentTargetsInParallel = 1;
				LastSwiftUpdateCheck = 1300;
				LastUpgradeCheck = 1300;
				TargetAttributes = {
					AFC2B97527024008009D90D8 = {
						CreatedOnToolsVersion = 13.0;
					};
				};
			};
			buildConfigurationList = AFC2B97127024008009D90D8 /* Build configuration list for PBXProject "MeuAlbum" */;
			compatibilityVersion = "Xcode 13.0";
			developmentRegion = en;
			hasScannedForEncodings = 0;
			knownRegions = (
				en,
				Base,
			);
			mainGroup = AFC2B96D27024008009D90D8;
			productRefGroup = AFC2B97727024008009D90D8 /* Products */;
			projectDirPath = "";
			projectRoot = "";
			targets = (
				AFC2B97527024008009D90D8 /* MeuAlbum */,
			);
		};
/* End PBXProject section */

/* Begin PBXResourcesBuildPhase section */
		AFC2B97427024008009D90D8 /* Resources */ = {
			isa = PBXResourcesBuildPhase;
			buildActionMask = 2147483647;
			files = (
				AFC2B9892702400A009D90D8 /* LaunchScreen.storyboard in Resources */,
				AFC2B9862702400A009D90D8 /* Assets.xcassets in Resources */,
			);
			runOnlyForDeploymentPostprocessing = 0;
		};
/* End PBXResourcesBuildPhase section */

/* Begin PBXSourcesBuildPhase section */
		AFC2B97227024008009D90D8 /* Sources */ = {
			isa = PBXSourcesBuildPhase;
			buildActionMask = 2147483647;
			files = (
				AFC2B97E27024008009D90D8 /* ViewController.swift in Sources */,
				AF26777E270636A00046174E /* Category+helper.swift in Sources */,
				AF26777C270633D90046174E /* UIColor+AppColors.swift in Sources */,
				AF26778427064F870046174E /* PersistenceController.swift in Sources */,
				AF2677772706313A0046174E /* StickerCalendarCollectionViewController.swift in Sources */,
				AF2677862706B32C0046174E /* StickerCategoryHeaderView.swift in Sources */,
				AFC2B98427024008009D90D8 /* MeuAlbum.xcdatamodeld in Sources */,
				AF267779270631A50046174E /* StickerNumberCollectionViewCell.swift in Sources */,
				AFC2B97A27024008009D90D8 /* AppDelegate.swift in Sources */,
				AF26778027063F3D0046174E /* Sticker+helper.swift in Sources */,
				AFC2B99927025603009D90D8 /* StickerCell.swift in Sources */,
				AFC2B97C27024008009D90D8 /* SceneDelegate.swift in Sources */,
			);
			runOnlyForDeploymentPostprocessing = 0;
		};
/* End PBXSourcesBuildPhase section */

/* Begin PBXVariantGroup section */
		AFC2B9872702400A009D90D8 /* LaunchScreen.storyboard */ = {
			isa = PBXVariantGroup;
			children = (
				AFC2B9882702400A009D90D8 /* Base */,
			);
			name = LaunchScreen.storyboard;
			sourceTree = "<group>";
		};
/* End PBXVariantGroup section */

/* Begin XCBuildConfiguration section */
		AFC2B98B2702400A009D90D8 /* Debug */ = {
			isa = XCBuildConfiguration;
			buildSettings = {
				ALWAYS_SEARCH_USER_PATHS = NO;
				CLANG_ANALYZER_NONNULL = YES;
				CLANG_ANALYZER_NUMBER_OBJECT_CONVERSION = YES_AGGRESSIVE;
				CLANG_CXX_LANGUAGE_STANDARD = "gnu++17";
				CLANG_CXX_LIBRARY = "libc++";
				CLANG_ENABLE_MODULES = YES;
				CLANG_ENABLE_OBJC_ARC = YES;
				CLANG_ENABLE_OBJC_WEAK = YES;
				CLANG_WARN_BLOCK_CAPTURE_AUTORELEASING = YES;
				CLANG_WARN_BOOL_CONVERSION = YES;
				CLANG_WARN_COMMA = YES;
				CLANG_WARN_CONSTANT_CONVERSION = YES;
				CLANG_WARN_DEPRECATED_OBJC_IMPLEMENTATIONS = YES;
				CLANG_WARN_DIRECT_OBJC_ISA_USAGE = YES_ERROR;
				CLANG_WARN_DOCUMENTATION_COMMENTS = YES;
				CLANG_WARN_EMPTY_BODY = YES;
				CLANG_WARN_ENUM_CONVERSION = YES;
				CLANG_WARN_INFINITE_RECURSION = YES;
				CLANG_WARN_INT_CONVERSION = YES;
				CLANG_WARN_NON_LITERAL_NULL_CONVERSION = YES;
				CLANG_WARN_OBJC_IMPLICIT_RETAIN_SELF = YES;
				CLANG_WARN_OBJC_LITERAL_CONVERSION = YES;
				CLANG_WARN_OBJC_ROOT_CLASS = YES_ERROR;
				CLANG_WARN_QUOTED_INCLUDE_IN_FRAMEWORK_HEADER = YES;
				CLANG_WARN_RANGE_LOOP_ANALYSIS = YES;
				CLANG_WARN_STRICT_PROTOTYPES = YES;
				CLANG_WARN_SUSPICIOUS_MOVE = YES;
				CLANG_WARN_UNGUARDED_AVAILABILITY = YES_AGGRESSIVE;
				CLANG_WARN_UNREACHABLE_CODE = YES;
				CLANG_WARN__DUPLICATE_METHOD_MATCH = YES;
				COPY_PHASE_STRIP = NO;
				DEBUG_INFORMATION_FORMAT = dwarf;
				ENABLE_STRICT_OBJC_MSGSEND = YES;
				ENABLE_TESTABILITY = YES;
				GCC_C_LANGUAGE_STANDARD = gnu11;
				GCC_DYNAMIC_NO_PIC = NO;
				GCC_NO_COMMON_BLOCKS = YES;
				GCC_OPTIMIZATION_LEVEL = 0;
				GCC_PREPROCESSOR_DEFINITIONS = (
					"DEBUG=1",
					"$(inherited)",
				);
				GCC_WARN_64_TO_32_BIT_CONVERSION = YES;
				GCC_WARN_ABOUT_RETURN_TYPE = YES_ERROR;
				GCC_WARN_UNDECLARED_SELECTOR = YES;
				GCC_WARN_UNINITIALIZED_AUTOS = YES_AGGRESSIVE;
				GCC_WARN_UNUSED_FUNCTION = YES;
				GCC_WARN_UNUSED_VARIABLE = YES;
				IPHONEOS_DEPLOYMENT_TARGET = 15.0;
				MTL_ENABLE_DEBUG_INFO = INCLUDE_SOURCE;
				MTL_FAST_MATH = YES;
				ONLY_ACTIVE_ARCH = YES;
				SDKROOT = iphoneos;
				SWIFT_ACTIVE_COMPILATION_CONDITIONS = DEBUG;
				SWIFT_OPTIMIZATION_LEVEL = "-Onone";
			};
			name = Debug;
		};
		AFC2B98C2702400A009D90D8 /* Release */ = {
			isa = XCBuildConfiguration;
			buildSettings = {
				ALWAYS_SEARCH_USER_PATHS = NO;
				CLANG_ANALYZER_NONNULL = YES;
				CLANG_ANALYZER_NUMBER_OBJECT_CONVERSION = YES_AGGRESSIVE;
				CLANG_CXX_LANGUAGE_STANDARD = "gnu++17";
				CLANG_CXX_LIBRARY = "libc++";
				CLANG_ENABLE_MODULES = YES;
				CLANG_ENABLE_OBJC_ARC = YES;
				CLANG_ENABLE_OBJC_WEAK = YES;
				CLANG_WARN_BLOCK_CAPTURE_AUTORELEASING = YES;
				CLANG_WARN_BOOL_CONVERSION = YES;
				CLANG_WARN_COMMA = YES;
				CLANG_WARN_CONSTANT_CONVERSION = YES;
				CLANG_WARN_DEPRECATED_OBJC_IMPLEMENTATIONS = YES;
				CLANG_WARN_DIRECT_OBJC_ISA_USAGE = YES_ERROR;
				CLANG_WARN_DOCUMENTATION_COMMENTS = YES;
				CLANG_WARN_EMPTY_BODY = YES;
				CLANG_WARN_ENUM_CONVERSION = YES;
				CLANG_WARN_INFINITE_RECURSION = YES;
				CLANG_WARN_INT_CONVERSION = YES;
				CLANG_WARN_NON_LITERAL_NULL_CONVERSION = YES;
				CLANG_WARN_OBJC_IMPLICIT_RETAIN_SELF = YES;
				CLANG_WARN_OBJC_LITERAL_CONVERSION = YES;
				CLANG_WARN_OBJC_ROOT_CLASS = YES_ERROR;
				CLANG_WARN_QUOTED_INCLUDE_IN_FRAMEWORK_HEADER = YES;
				CLANG_WARN_RANGE_LOOP_ANALYSIS = YES;
				CLANG_WARN_STRICT_PROTOTYPES = YES;
				CLANG_WARN_SUSPICIOUS_MOVE = YES;
				CLANG_WARN_UNGUARDED_AVAILABILITY = YES_AGGRESSIVE;
				CLANG_WARN_UNREACHABLE_CODE = YES;
				CLANG_WARN__DUPLICATE_METHOD_MATCH = YES;
				COPY_PHASE_STRIP = NO;
				DEBUG_INFORMATION_FORMAT = "dwarf-with-dsym";
				ENABLE_NS_ASSERTIONS = NO;
				ENABLE_STRICT_OBJC_MSGSEND = YES;
				GCC_C_LANGUAGE_STANDARD = gnu11;
				GCC_NO_COMMON_BLOCKS = YES;
				GCC_WARN_64_TO_32_BIT_CONVERSION = YES;
				GCC_WARN_ABOUT_RETURN_TYPE = YES_ERROR;
				GCC_WARN_UNDECLARED_SELECTOR = YES;
				GCC_WARN_UNINITIALIZED_AUTOS = YES_AGGRESSIVE;
				GCC_WARN_UNUSED_FUNCTION = YES;
				GCC_WARN_UNUSED_VARIABLE = YES;
				IPHONEOS_DEPLOYMENT_TARGET = 15.0;
				MTL_ENABLE_DEBUG_INFO = NO;
				MTL_FAST_MATH = YES;
				SDKROOT = iphoneos;
				SWIFT_COMPILATION_MODE = wholemodule;
				SWIFT_OPTIMIZATION_LEVEL = "-O";
				VALIDATE_PRODUCT = YES;
			};
			name = Release;
		};
		AFC2B98E2702400A009D90D8 /* Debug */ = {
			isa = XCBuildConfiguration;
			buildSettings = {
				ASSETCATALOG_COMPILER_APPICON_NAME = AppIcon;
				ASSETCATALOG_COMPILER_GLOBAL_ACCENT_COLOR_NAME = AccentColor;
				CODE_SIGN_STYLE = Automatic;
				CURRENT_PROJECT_VERSION = 1;
				DEVELOPMENT_TEAM = 3GTJZ8KSTX;
				GENERATE_INFOPLIST_FILE = YES;
				INFOPLIST_FILE = MeuAlbum/Info.plist;
				INFOPLIST_KEY_UIApplicationSupportsIndirectInputEvents = YES;
				INFOPLIST_KEY_UILaunchStoryboardName = LaunchScreen;
				INFOPLIST_KEY_UISupportedInterfaceOrientations = UIInterfaceOrientationPortrait;
				INFOPLIST_KEY_UISupportedInterfaceOrientations_iPad = "UIInterfaceOrientationPortrait UIInterfaceOrientationPortraitUpsideDown UIInterfaceOrientationLandscapeLeft UIInterfaceOrientationLandscapeRight";
				INFOPLIST_KEY_UISupportedInterfaceOrientations_iPhone = "UIInterfaceOrientationPortrait UIInterfaceOrientationLandscapeLeft UIInterfaceOrientationLandscapeRight";
				LD_RUNPATH_SEARCH_PATHS = (
					"$(inherited)",
					"@executable_path/Frameworks",
				);
				MARKETING_VERSION = 1.0;
				PRODUCT_BUNDLE_IDENTIFIER = br.dev.thihxm.MeuAlbum;
				PRODUCT_NAME = "$(TARGET_NAME)";
				SWIFT_EMIT_LOC_STRINGS = YES;
				SWIFT_VERSION = 5.0;
				TARGETED_DEVICE_FAMILY = "1,2";
			};
			name = Debug;
		};
		AFC2B98F2702400A009D90D8 /* Release */ = {
			isa = XCBuildConfiguration;
			buildSettings = {
				ASSETCATALOG_COMPILER_APPICON_NAME = AppIcon;
				ASSETCATALOG_COMPILER_GLOBAL_ACCENT_COLOR_NAME = AccentColor;
				CODE_SIGN_STYLE = Automatic;
				CURRENT_PROJECT_VERSION = 1;
				DEVELOPMENT_TEAM = 3GTJZ8KSTX;
				GENERATE_INFOPLIST_FILE = YES;
				INFOPLIST_FILE = MeuAlbum/Info.plist;
				INFOPLIST_KEY_UIApplicationSupportsIndirectInputEvents = YES;
				INFOPLIST_KEY_UILaunchStoryboardName = LaunchScreen;
				INFOPLIST_KEY_UISupportedInterfaceOrientations = UIInterfaceOrientationPortrait;
				INFOPLIST_KEY_UISupportedInterfaceOrientations_iPad = "UIInterfaceOrientationPortrait UIInterfaceOrientationPortraitUpsideDown UIInterfaceOrientationLandscapeLeft UIInterfaceOrientationLandscapeRight";
				INFOPLIST_KEY_UISupportedInterfaceOrientations_iPhone = "UIInterfaceOrientationPortrait UIInterfaceOrientationLandscapeLeft UIInterfaceOrientationLandscapeRight";
				LD_RUNPATH_SEARCH_PATHS = (
					"$(inherited)",
					"@executable_path/Frameworks",
				);
				MARKETING_VERSION = 1.0;
				PRODUCT_BUNDLE_IDENTIFIER = br.dev.thihxm.MeuAlbum;
				PRODUCT_NAME = "$(TARGET_NAME)";
				SWIFT_EMIT_LOC_STRINGS = YES;
				SWIFT_VERSION = 5.0;
				TARGETED_DEVICE_FAMILY = "1,2";
			};
			name = Release;
		};
/* End XCBuildConfiguration section */

/* Begin XCConfigurationList section */
		AFC2B97127024008009D90D8 /* Build configuration list for PBXProject "MeuAlbum" */ = {
			isa = XCConfigurationList;
			buildConfigurations = (
				AFC2B98B2702400A009D90D8 /* Debug */,
				AFC2B98C2702400A009D90D8 /* Release */,
			);
			defaultConfigurationIsVisible = 0;
			defaultConfigurationName = Release;
		};
		AFC2B98D2702400A009D90D8 /* Build configuration list for PBXNativeTarget "MeuAlbum" */ = {
			isa = XCConfigurationList;
			buildConfigurations = (
				AFC2B98E2702400A009D90D8 /* Debug */,
				AFC2B98F2702400A009D90D8 /* Release */,
			);
			defaultConfigurationIsVisible = 0;
			defaultConfigurationName = Release;
		};
/* End XCConfigurationList section */

/* Begin XCVersionGroup section */
		AFC2B98227024008009D90D8 /* MeuAlbum.xcdatamodeld */ = {
			isa = XCVersionGroup;
			children = (
				AFC2B98327024008009D90D8 /* MeuAlbum.xcdatamodel */,
			);
			currentVersion = AFC2B98327024008009D90D8 /* MeuAlbum.xcdatamodel */;
			path = MeuAlbum.xcdatamodeld;
			sourceTree = "<group>";
			versionGroupType = wrapper.xcdatamodel;
		};
/* End XCVersionGroup section */
	};
	rootObject = AFC2B96E27024008009D90D8 /* Project object */;
}
